dependencies:
  espp/base_component:
    component_hash: f4224d4295dab7b61a2a20c8897bc1f502ee692aaa829c818dd416fa2e3c2dfd
    dependencies:
    - name: espp/logger
      registry_url: https://components.espressif.com
      require: private
      version: '>=1.0'
    - name: idf
      require: private
      version: '>=5.0'
    source:
      registry_url: https://components.espressif.com
      type: service
    version: 1.0.17
  espp/cli:
    component_hash: b6c9f992cc5631d483f19fde4dfc8ad7ffe991b93bafaef8caf5439edb1d97a0
    dependencies:
    - name: espp/logger
      registry_url: https://components.espressif.com
      require: private
      version: '>=1.0'
    - name: idf
      require: private
      version: '>=5.0'
    source:
      registry_url: https://components.espressif.com
      type: service
    version: 1.0.17
  espp/filters:
    component_hash: 1f140938ab1888739030d6288817953ba27bc2726c2d6a185e72bac6ce9759f6
    dependencies:
    - name: espp/format
      registry_url: https://components.espressif.com
      require: private
      version: '>=1.0'
    - name: espp/math
      registry_url: https://components.espressif.com
      require: private
      version: '>=1.0'
    - name: espressif/esp-dsp
      registry_url: https://components.espressif.com
      require: private
      version: '>=1.6.4'
    - name: idf
      require: private
      version: '>=5.0'
    source:
      registry_url: https://components.espressif.com/
      type: service
    version: 1.0.16
  espp/format:
    component_hash: fe1248e361db8e2ac39048ed7e3406087c8bbc4dc952a6020bc76080bc8a226e
    dependencies:
    - name: idf
      require: private
      version: '>=5.0'
    source:
      registry_url: https://components.espressif.com
      type: service
    version: 1.0.17
  espp/i2c:
    component_hash: 495f7eafd1fab643268fd42af5033905c02ea7ef1e66c4da6407d8a7b859c0c3
    dependencies:
    - name: espp/base_component
      registry_url: https://components.espressif.com
      require: private
      version: '>=1.0'
    - name: espp/cli
      registry_url: https://components.espressif.com
      require: private
      version: '>=1.0'
    - name: espp/task
      registry_url: https://components.espressif.com
      require: private
      version: '>=1.0'
    - name: idf
      require: private
      version: '>=5.0'
    source:
      registry_url: https://components.espressif.com/
      type: service
    version: 1.0.16
  espp/interrupt:
    component_hash: eb4c3b0fb29ef73a398b22c8d93fe85d6f196fb1c1e1cd32aade29b102b67173
    dependencies:
    - name: espp/base_component
      registry_url: https://components.espressif.com
      require: private
      version: '>=1.0'
    - name: espp/task
      registry_url: https://components.espressif.com
      require: private
      version: '>=1.0'
    - name: idf
      require: private
      version: '>=5.0'
    source:
      registry_url: https://components.espressif.com/
      type: service
    version: 1.0.17
  espp/logger:
    component_hash: 407e34218f43a3980953ca805f5e81515757fcefafa3ab763163518162ba7572
    dependencies:
    - name: espp/format
      registry_url: https://components.espressif.com
      require: private
      version: '>=1.0'
    - name: idf
      require: private
      version: '>=5.0'
    source:
      registry_url: https://components.espressif.com
      type: service
    version: 1.0.17
  espp/math:
    component_hash: d9caec0be95c24b53eb3ad971362517aed3b7456ae8b4596064d65b73743b3ae
    dependencies:
    - name: espp/format
      registry_url: https://components.espressif.com
      require: private
      version: '>=1.0'
    - name: idf
      require: private
      version: '>=5.0'
    source:
      registry_url: https://components.espressif.com
      type: service
    version: 1.0.17
  espp/task:
    component_hash: 8647bfaedbf516101d5e56b31d1dc68e171c9110d9e931fa0f4e5b559b5653fd
    dependencies:
    - name: espp/base_component
      registry_url: https://components.espressif.com
      require: private
      version: '>=1.0'
    - name: idf
      require: private
      version: '>=5.0'
    source:
      registry_url: https://components.espressif.com/
      type: service
    version: 1.0.17
  espressif/esp-dsp:
    component_hash: 42dce32d46ac93dc11f60d368e29a830e9661c7345d794b8a45c343479cae636
    dependencies:
    - name: idf
      require: private
      version: '>=4.2'
    source:
      registry_url: https://components.espressif.com
      type: service
    version: 1.7.0
  espressif/esp32-camera:
    component_hash: 285d4197840756f65d8fae89d2a4fde7b632bbfe21073723e361cb09d3aacad5
    dependencies:
    - name: espressif/esp_jpeg
      registry_url: https://components.espressif.com
      require: public
      version: ^1.3.0
    source:
      registry_url: https://components.espressif.com/
      type: service
    version: 2.1.0
  espressif/esp_jpeg:
    component_hash: defb83669293cbf86d0fa86b475ba5517aceed04ed70db435388c151ab37b5d7
    dependencies:
    - name: idf
      require: private
      version: '>=5.0'
    source:
      registry_url: https://components.espressif.com
      type: service
    version: 1.3.1
  idf:
    source:
      type: idf
    version: 5.5.0
direct_dependencies:
- espp/filters
- espp/i2c
- espp/interrupt
- espp/task
- espressif/esp32-camera
- idf
manifest_hash: 88bbc72136d425c938f21b56f2a83eb3020e8836217de3531a3dd096eaacdf67
target: esp32
version: 2.0.0
